
Microsoft Visual Studio Solution File, Format Version 12.00
# Visual Studio Version 16
VisualStudioVersion = 16.0.30907.101
MinimumVisualStudioVersion = 10.0.40219.1
Project("{FAE04EC0-301F-11D3-BF4B-00C04F79EFBC}") = "QuartzInWorkerService", "QuartzInWorkerService\QuartzInWorkerService.csproj", "{70CAC829-52A3-4DBD-95EA-7639AF15FB74}"
EndProject
Global
	GlobalSection(SolutionConfigurationPlatforms) = preSolution
		Debug|Any CPU = Debug|Any CPU
		Release|Any CPU = Release|Any CPU
	EndGlobalSection
	GlobalSection(ProjectConfigurationPlatforms) = postSolution
		{70CAC829-52A3-4DBD-95EA-7639AF15FB74}.Debug|Any CPU.ActiveCfg = Debug|Any CPU
		{70CAC829-52A3-4DBD-95EA-7639AF15FB74}.Debug|Any CPU.Build.0 = Debug|Any CPU
		{70CAC829-52A3-4DBD-95EA-7639AF15FB74}.Release|Any CPU.ActiveCfg = Release|Any CPU
		{70CAC829-52A3-4DBD-95EA-7639AF15FB74}.Release|Any CPU.Build.0 = Release|Any CPU
	EndGlobalSection
	GlobalSection(SolutionProperties) = preSolution
		HideSolutionNode = FALSE
	EndGlobalSection
	GlobalSection(ExtensibilityGlobals) = postSolution
		SolutionGuid = {7073B092-16CB-4932-9DE2-48BB4F61430C}
	EndGlobalSection
EndGlobal
